
Microsoft Visual Studio Solution File, Format Version 12.00
# Visual Studio Version 17
VisualStudioVersion = 17.11.35303.130
MinimumVisualStudioVersion = 10.0.40219.1
Project("{9A19103F-16F7-4668-BE54-9A1E7A4F7556}") = "Resume", "Resume/Resume.csproj", "{CBD43618-E741-4E20-B6BB-1E43525B4786}"
EndProject
Global
	GlobalSection(SolutionConfigurationPlatforms) = preSolution
		Debug|Any CPU = Debug|Any CPU
		Release|Any CPU = Release|Any CPU
	EndGlobalSection
	GlobalSection(ProjectConfigurationPlatforms) = postSolution
		{CBD43618-E741-4E20-B6BB-1E43525B4786}.Debug|Any CPU.ActiveCfg = Debug|Any CPU
		{CBD43618-E741-4E20-B6BB-1E43525B4786}.Debug|Any CPU.Build.0 = Debug|Any CPU
		{CBD43618-E741-4E20-B6BB-1E43525B4786}.Release|Any CPU.ActiveCfg = Release|Any CPU
		{CBD43618-E741-4E20-B6BB-1E43525B4786}.Release|Any CPU.Build.0 = Release|Any CPU
	EndGlobalSection
	GlobalSection(SolutionProperties) = preSolution
		HideSolutionNode = FALSE
	EndGlobalSection
	GlobalSection(ExtensibilityGlobals) = postSolution
		SolutionGuid = {44922F7A-EDAE-4625-9A9A-C8AF1429B5C5}
	EndGlobalSection
EndGlobal
